
Microsoft Visual Studio Solution File, Format Version 12.00
# Visual Studio 15
VisualStudioVersion = 15.0.28307.1259
MinimumVisualStudioVersion = 10.0.40219.1
Project("{8BC9CEB8-8B4A-11D0-8D11-00A0C91BC942}") = "三角形拓展项目（等腰问题）", "三角形拓展项目（等腰问题）\三角形拓展项目（等腰问题）.vcxproj", "{553D9CDF-BD7F-4F09-B23A-30979DFB22B0}"
EndProject
Global
	GlobalSection(SolutionConfigurationPlatforms) = preSolution
		Debug|x64 = Debug|x64
		Debug|x86 = Debug|x86
		Release|x64 = Release|x64
		Release|x86 = Release|x86
	EndGlobalSection
	GlobalSection(ProjectConfigurationPlatforms) = postSolution
		{553D9CDF-BD7F-4F09-B23A-30979DFB22B0}.Debug|x64.ActiveCfg = Debug|x64
		{553D9CDF-BD7F-4F09-B23A-30979DFB22B0}.Debug|x64.Build.0 = Debug|x64
		{553D9CDF-BD7F-4F09-B23A-30979DFB22B0}.Debug|x86.ActiveCfg = Debug|Win32
		{553D9CDF-BD7F-4F09-B23A-30979DFB22B0}.Debug|x86.Build.0 = Debug|Win32
		{553D9CDF-BD7F-4F09-B23A-30979DFB22B0}.Release|x64.ActiveCfg = Release|x64
		{553D9CDF-BD7F-4F09-B23A-30979DFB22B0}.Release|x64.Build.0 = Release|x64
		{553D9CDF-BD7F-4F09-B23A-30979DFB22B0}.Release|x86.ActiveCfg = Release|Win32
		{553D9CDF-BD7F-4F09-B23A-30979DFB22B0}.Release|x86.Build.0 = Release|Win32
	EndGlobalSection
	GlobalSection(SolutionProperties) = preSolution
		HideSolutionNode = FALSE
	EndGlobalSection
	GlobalSection(ExtensibilityGlobals) = postSolution
		SolutionGuid = {620BD865-B8B8-487B-B178-8F0F49CCD34C}
	EndGlobalSection
EndGlobal
